
Microsoft Visual Studio Solution File, Format Version 12.00
# Visual Studio 15
VisualStudioVersion = 15.0.26730.3
MinimumVisualStudioVersion = 10.0.40219.1
Project("{FAE04EC0-301F-11D3-BF4B-00C04F79EFBC}") = "NetStandard20Lib", "NetStandard20Lib\NetStandard20Lib.csproj", "{329D64A4-F503-4843-8C3C-1009FCDB4A82}"
EndProject
Project("{FAE04EC0-301F-11D3-BF4B-00C04F79EFBC}") = "CoreConsole", "CoreConsole\CoreConsole.csproj", "{97B46EFC-ECC6-44B6-8CE8-BBE6C7420D2E}"
EndProject
Project("{FAE04EC0-301F-11D3-BF4B-00C04F79EFBC}") = "ClassicConsole", "ClassicConsole\ClassicConsole.csproj", "{980F8D26-C4F1-4B9D-B080-3E584048B7F5}"
EndProject
Global
	GlobalSection(SolutionConfigurationPlatforms) = preSolution
		Debug|Any CPU = Debug|Any CPU
		Release|Any CPU = Release|Any CPU
	EndGlobalSection
	GlobalSection(ProjectConfigurationPlatforms) = postSolution
		{329D64A4-F503-4843-8C3C-1009FCDB4A82}.Debug|Any CPU.ActiveCfg = Debug|Any CPU
		{329D64A4-F503-4843-8C3C-1009FCDB4A82}.Debug|Any CPU.Build.0 = Debug|Any CPU
		{329D64A4-F503-4843-8C3C-1009FCDB4A82}.Release|Any CPU.ActiveCfg = Release|Any CPU
		{329D64A4-F503-4843-8C3C-1009FCDB4A82}.Release|Any CPU.Build.0 = Release|Any CPU
		{97B46EFC-ECC6-44B6-8CE8-BBE6C7420D2E}.Debug|Any CPU.ActiveCfg = Debug|Any CPU
		{97B46EFC-ECC6-44B6-8CE8-BBE6C7420D2E}.Debug|Any CPU.Build.0 = Debug|Any CPU
		{97B46EFC-ECC6-44B6-8CE8-BBE6C7420D2E}.Release|Any CPU.ActiveCfg = Release|Any CPU
		{97B46EFC-ECC6-44B6-8CE8-BBE6C7420D2E}.Release|Any CPU.Build.0 = Release|Any CPU
		{980F8D26-C4F1-4B9D-B080-3E584048B7F5}.Debug|Any CPU.ActiveCfg = Debug|Any CPU
		{980F8D26-C4F1-4B9D-B080-3E584048B7F5}.Debug|Any CPU.Build.0 = Debug|Any CPU
		{980F8D26-C4F1-4B9D-B080-3E584048B7F5}.Release|Any CPU.ActiveCfg = Release|Any CPU
		{980F8D26-C4F1-4B9D-B080-3E584048B7F5}.Release|Any CPU.Build.0 = Release|Any CPU
	EndGlobalSection
	GlobalSection(SolutionProperties) = preSolution
		HideSolutionNode = FALSE
	EndGlobalSection
	GlobalSection(ExtensibilityGlobals) = postSolution
		SolutionGuid = {507F1B62-F66A-45AB-9F9D-93D2CE2388AD}
	EndGlobalSection
EndGlobal
