
Microsoft Visual Studio Solution File, Format Version 12.00
# Visual Studio 15
VisualStudioVersion = 15.0.26606.0
MinimumVisualStudioVersion = 10.0.40219.1
Project("{9A19103F-16F7-4668-BE54-9A1E7A4F7556}") = "ConsoleApp6", "ConsoleApp6\ConsoleApp6.csproj", "{876D0689-3CDD-43A8-AEBE-09C44E237088}"
EndProject
Project("{FAE04EC0-301F-11D3-BF4B-00C04F79EFBC}") = "Net461", "Net461\Net461.csproj", "{B5F99F0A-9D1B-4E61-B271-5A14B67F95D4}"
EndProject
Project("{9A19103F-16F7-4668-BE54-9A1E7A4F7556}") = "NetStandard2", "NetStandard2\NetStandard2.csproj", "{2CFC2DBD-9AE2-43DD-9084-800151CA6774}"
EndProject
Global
	GlobalSection(SolutionConfigurationPlatforms) = preSolution
		Debug|Any CPU = Debug|Any CPU
		Release|Any CPU = Release|Any CPU
	EndGlobalSection
	GlobalSection(ProjectConfigurationPlatforms) = postSolution
		{876D0689-3CDD-43A8-AEBE-09C44E237088}.Debug|Any CPU.ActiveCfg = Debug|Any CPU
		{876D0689-3CDD-43A8-AEBE-09C44E237088}.Debug|Any CPU.Build.0 = Debug|Any CPU
		{876D0689-3CDD-43A8-AEBE-09C44E237088}.Release|Any CPU.ActiveCfg = Release|Any CPU
		{876D0689-3CDD-43A8-AEBE-09C44E237088}.Release|Any CPU.Build.0 = Release|Any CPU
		{B5F99F0A-9D1B-4E61-B271-5A14B67F95D4}.Debug|Any CPU.ActiveCfg = Debug|Any CPU
		{B5F99F0A-9D1B-4E61-B271-5A14B67F95D4}.Debug|Any CPU.Build.0 = Debug|Any CPU
		{B5F99F0A-9D1B-4E61-B271-5A14B67F95D4}.Release|Any CPU.ActiveCfg = Release|Any CPU
		{B5F99F0A-9D1B-4E61-B271-5A14B67F95D4}.Release|Any CPU.Build.0 = Release|Any CPU
		{2CFC2DBD-9AE2-43DD-9084-800151CA6774}.Debug|Any CPU.ActiveCfg = Debug|Any CPU
		{2CFC2DBD-9AE2-43DD-9084-800151CA6774}.Debug|Any CPU.Build.0 = Debug|Any CPU
		{2CFC2DBD-9AE2-43DD-9084-800151CA6774}.Release|Any CPU.ActiveCfg = Release|Any CPU
		{2CFC2DBD-9AE2-43DD-9084-800151CA6774}.Release|Any CPU.Build.0 = Release|Any CPU
	EndGlobalSection
	GlobalSection(SolutionProperties) = preSolution
		HideSolutionNode = FALSE
	EndGlobalSection
EndGlobal
